
Microsoft Visual Studio Solution File, Format Version 12.00
# Visual Studio 15
VisualStudioVersion = 15.0.28010.2036
MinimumVisualStudioVersion = 10.0.40219.1
Project("{FAE04EC0-301F-11D3-BF4B-00C04F79EFBC}") = "UI", "UI\UI.csproj", "{0261EFFB-3F08-4D27-AD10-9465ED3EF777}"
	ProjectSection(ProjectDependencies) = postProject
		{953F4101-0B19-4897-A527-BEB7604C030D} = {953F4101-0B19-4897-A527-BEB7604C030D}
		{FF2E72E0-2676-489F-843A-302AD2532815} = {FF2E72E0-2676-489F-843A-302AD2532815}
	EndProjectSection
EndProject
Project("{FAE04EC0-301F-11D3-BF4B-00C04F79EFBC}") = "Test", "Test\Test.csproj", "{1CD2AE14-4CE7-44FA-80B0-7574A2A50597}"
EndProject
Project("{FAE04EC0-301F-11D3-BF4B-00C04F79EFBC}") = "DTO", "DTO\DTO.csproj", "{953F4101-0B19-4897-A527-BEB7604C030D}"
EndProject
Project("{FAE04EC0-301F-11D3-BF4B-00C04F79EFBC}") = "DAL", "DAL\DAL.csproj", "{F3F4D35F-C674-4E44-8AE4-5CEDCB1C8FAB}"
EndProject
Project("{FAE04EC0-301F-11D3-BF4B-00C04F79EFBC}") = "BLL", "BLL\BLL.csproj", "{FF2E72E0-2676-489F-843A-302AD2532815}"
	ProjectSection(ProjectDependencies) = postProject
		{953F4101-0B19-4897-A527-BEB7604C030D} = {953F4101-0B19-4897-A527-BEB7604C030D}
		{F3F4D35F-C674-4E44-8AE4-5CEDCB1C8FAB} = {F3F4D35F-C674-4E44-8AE4-5CEDCB1C8FAB}
		{11B4B9AA-3E70-447E-9B5E-8DD0631528FE} = {11B4B9AA-3E70-447E-9B5E-8DD0631528FE}
	EndProjectSection
EndProject
Project("{FAE04EC0-301F-11D3-BF4B-00C04F79EFBC}") = "Domain", "Domain\Domain.csproj", "{11B4B9AA-3E70-447E-9B5E-8DD0631528FE}"
EndProject
Global
	GlobalSection(SolutionConfigurationPlatforms) = preSolution
		Debug|Any CPU = Debug|Any CPU
		Release|Any CPU = Release|Any CPU
	EndGlobalSection
	GlobalSection(ProjectConfigurationPlatforms) = postSolution
		{0261EFFB-3F08-4D27-AD10-9465ED3EF777}.Debug|Any CPU.ActiveCfg = Debug|Any CPU
		{0261EFFB-3F08-4D27-AD10-9465ED3EF777}.Debug|Any CPU.Build.0 = Debug|Any CPU
		{0261EFFB-3F08-4D27-AD10-9465ED3EF777}.Release|Any CPU.ActiveCfg = Release|Any CPU
		{0261EFFB-3F08-4D27-AD10-9465ED3EF777}.Release|Any CPU.Build.0 = Release|Any CPU
		{1CD2AE14-4CE7-44FA-80B0-7574A2A50597}.Debug|Any CPU.ActiveCfg = Debug|Any CPU
		{1CD2AE14-4CE7-44FA-80B0-7574A2A50597}.Debug|Any CPU.Build.0 = Debug|Any CPU
		{1CD2AE14-4CE7-44FA-80B0-7574A2A50597}.Release|Any CPU.ActiveCfg = Release|Any CPU
		{1CD2AE14-4CE7-44FA-80B0-7574A2A50597}.Release|Any CPU.Build.0 = Release|Any CPU
		{953F4101-0B19-4897-A527-BEB7604C030D}.Debug|Any CPU.ActiveCfg = Debug|Any CPU
		{953F4101-0B19-4897-A527-BEB7604C030D}.Debug|Any CPU.Build.0 = Debug|Any CPU
		{953F4101-0B19-4897-A527-BEB7604C030D}.Release|Any CPU.ActiveCfg = Release|Any CPU
		{953F4101-0B19-4897-A527-BEB7604C030D}.Release|Any CPU.Build.0 = Release|Any CPU
		{F3F4D35F-C674-4E44-8AE4-5CEDCB1C8FAB}.Debug|Any CPU.ActiveCfg = Debug|Any CPU
		{F3F4D35F-C674-4E44-8AE4-5CEDCB1C8FAB}.Debug|Any CPU.Build.0 = Debug|Any CPU
		{F3F4D35F-C674-4E44-8AE4-5CEDCB1C8FAB}.Release|Any CPU.ActiveCfg = Release|Any CPU
		{F3F4D35F-C674-4E44-8AE4-5CEDCB1C8FAB}.Release|Any CPU.Build.0 = Release|Any CPU
		{FF2E72E0-2676-489F-843A-302AD2532815}.Debug|Any CPU.ActiveCfg = Debug|Any CPU
		{FF2E72E0-2676-489F-843A-302AD2532815}.Debug|Any CPU.Build.0 = Debug|Any CPU
		{FF2E72E0-2676-489F-843A-302AD2532815}.Release|Any CPU.ActiveCfg = Release|Any CPU
		{FF2E72E0-2676-489F-843A-302AD2532815}.Release|Any CPU.Build.0 = Release|Any CPU
		{11B4B9AA-3E70-447E-9B5E-8DD0631528FE}.Debug|Any CPU.ActiveCfg = Debug|Any CPU
		{11B4B9AA-3E70-447E-9B5E-8DD0631528FE}.Debug|Any CPU.Build.0 = Debug|Any CPU
		{11B4B9AA-3E70-447E-9B5E-8DD0631528FE}.Release|Any CPU.ActiveCfg = Release|Any CPU
		{11B4B9AA-3E70-447E-9B5E-8DD0631528FE}.Release|Any CPU.Build.0 = Release|Any CPU
	EndGlobalSection
	GlobalSection(SolutionProperties) = preSolution
		HideSolutionNode = FALSE
	EndGlobalSection
	GlobalSection(ExtensibilityGlobals) = postSolution
		SolutionGuid = {48C7CB60-139A-417B-9CC1-C0141E8E4E22}
	EndGlobalSection
EndGlobal
